// !$*UTF8*$!
{
	archiveVersion = 1;
	classes = {
	};
	objectVersion = 54;
	objects = {

/* Begin PBXBuildFile section */
		00DBFA2DF40C4A2C8090BA3B /* Nunito-Bold.ttf in Resources */ = {isa = PBXBuildFile; fileRef = C7AF8861CB964AB18B7E285F /* Nunito-Bold.ttf */; };
		00E356F31AD99517003FC87E /* LostAndFoundTests.m in Sources */ = {isa = PBXBuildFile; fileRef = 00E356F21AD99517003FC87E /* LostAndFoundTests.m */; };
		055AAC2BAED64DCF9798B726 /* SF-Pro-Display-SemiboldItalic.otf in Resources */ = {isa = PBXBuildFile; fileRef = BDDB307AA05B47358C5BCB8F /* SF-Pro-Display-SemiboldItalic.otf */; };
		087A610AD123423A9AA2AAAA /* Nunito-Medium.ttf in Resources */ = {isa = PBXBuildFile; fileRef = D2CF331A4103456D99C2E4E7 /* Nunito-Medium.ttf */; };
		092EE0A9D72C47AEA594F7DD /* Sunday-Best.ttf in Resources */ = {isa = PBXBuildFile; fileRef = 5E74D73AC0EF4DA58E542778 /* Sunday-Best.ttf */; };
		0C80B921A6F3F58F76C31292 /* libPods-LostAndFound.a in Frameworks */ = {isa = PBXBuildFile; fileRef = 5DCACB8F33CDC322A6C60F78 /* libPods-LostAndFound.a */; };
		13806FDFCD2B4AB2AF39F174 /* SF-Pro-Display-Semibold.otf in Resources */ = {isa = PBXBuildFile; fileRef = 31795207005A4969B67950E4 /* SF-Pro-Display-Semibold.otf */; };
		13B07FBC1A68108700A75B9A /* AppDelegate.mm in Sources */ = {isa = PBXBuildFile; fileRef = 13B07FB01A68108700A75B9A /* AppDelegate.mm */; };
		13B07FBF1A68108700A75B9A /* Images.xcassets in Resources */ = {isa = PBXBuildFile; fileRef = 13B07FB51A68108700A75B9A /* Images.xcassets */; };
		13B07FC11A68108700A75B9A /* main.m in Sources */ = {isa = PBXBuildFile; fileRef = 13B07FB71A68108700A75B9A /* main.m */; };
		18D6630A0C35430DA47FA2B6 /* Nunito-ExtraLightItalic.ttf in Resources */ = {isa = PBXBuildFile; fileRef = 9C0238B6C4ED423F9D594526 /* Nunito-ExtraLightItalic.ttf */; };
		1A6D45F1E17C42AA803030CC /* Nunito-ExtraBoldItalic.ttf in Resources */ = {isa = PBXBuildFile; fileRef = F495DB9F89F54A51A2FD279D /* Nunito-ExtraBoldItalic.ttf */; };
		2291FB23798B42C98DDC3A74 /* Nunito-MediumItalic.ttf in Resources */ = {isa = PBXBuildFile; fileRef = 8DABFF3B411D4CB58402D5C7 /* Nunito-MediumItalic.ttf */; };
		33C70DC7F45A48F58BDC7B55 /* SF-Pro-Display-MediumItalic.otf in Resources */ = {isa = PBXBuildFile; fileRef = A5DCAA6B60F14BA594040660 /* SF-Pro-Display-MediumItalic.otf */; };
		392ABFB210F24B35ABCA8185 /* SF-Pro-Display-LightItalic.otf in Resources */ = {isa = PBXBuildFile; fileRef = D28F4623ED0D4FBDBAD2E873 /* SF-Pro-Display-LightItalic.otf */; };
		3CC7ACFB24894FBCAA08B68E /* Comfortaa-Light.ttf in Resources */ = {isa = PBXBuildFile; fileRef = 4D941F1E50514D27A27A860E /* Comfortaa-Light.ttf */; };
		3E412DB0ADE34DEFA24727B5 /* SF-Pro-Display-BoldItalic.otf in Resources */ = {isa = PBXBuildFile; fileRef = 47CEF4A621034C9BBBA704EE /* SF-Pro-Display-BoldItalic.otf */; };
		41139E76A8314DDFA36AE083 /* Nunito-SemiBoldItalic.ttf in Resources */ = {isa = PBXBuildFile; fileRef = 1663AF55F89D4836816B086C /* Nunito-SemiBoldItalic.ttf */; };
		4F7EC85AA2A24064A1E70A74 /* Quicksand-Medium.ttf in Resources */ = {isa = PBXBuildFile; fileRef = F7FA1604201647D294EA4D52 /* Quicksand-Medium.ttf */; };
		52FE3BE5CFCD483AB9964212 /* Comfortaa-Medium.ttf in Resources */ = {isa = PBXBuildFile; fileRef = 53F41C8AE5F7485D999A3211 /* Comfortaa-Medium.ttf */; };
		6948E44B826A495C8CBFDD6E /* Nunito-Black.ttf in Resources */ = {isa = PBXBuildFile; fileRef = B9FE7A77FF4B427CA077F8AA /* Nunito-Black.ttf */; };
		6A54FF043E26443B8B02B825 /* SF-Pro-Display-ThinItalic.otf in Resources */ = {isa = PBXBuildFile; fileRef = 5BCD97FB59674BE5AE7FC634 /* SF-Pro-Display-ThinItalic.otf */; };
		6B004E88102347AB86BBAA1A /* SF-Pro-Display-Bold.otf in Resources */ = {isa = PBXBuildFile; fileRef = D04A9A8B849F4EF9AFAED1FB /* SF-Pro-Display-Bold.otf */; };
		6D3BBA4028DA4883828BC3AF /* Panton-LightCaps.otf in Resources */ = {isa = PBXBuildFile; fileRef = 8F3C390829FC44999202227D /* Panton-LightCaps.otf */; };
		71DF34852D6B44A2B026CB93 /* Nunito-BoldItalic.ttf in Resources */ = {isa = PBXBuildFile; fileRef = B604FE2369444E1B938B831F /* Nunito-BoldItalic.ttf */; };
		734F138689E6416D95945D92 /* Quicksand-Light.ttf in Resources */ = {isa = PBXBuildFile; fileRef = 3943D8E8A20048B59798082C /* Quicksand-Light.ttf */; };
		74C5B5A1EB2A49ACBE653B05 /* Sisterhood.ttf in Resources */ = {isa = PBXBuildFile; fileRef = FFEB044E51404287B48915C8 /* Sisterhood.ttf */; };
		7699B88040F8A987B510C191 /* libPods-LostAndFound-LostAndFoundTests.a in Frameworks */ = {isa = PBXBuildFile; fileRef = 19F6CBCC0A4E27FBF8BF4A61 /* libPods-LostAndFound-LostAndFoundTests.a */; };
		81AB9BB82411601600AC10FF /* LaunchScreen.storyboard in Resources */ = {isa = PBXBuildFile; fileRef = 81AB9BB72411601600AC10FF /* LaunchScreen.storyboard */; };
		89170393440446A0AC280EB4 /* Nunito-SemiBold.ttf in Resources */ = {isa = PBXBuildFile; fileRef = 31F31DA62E324E7EBBE69E26 /* Nunito-SemiBold.ttf */; };
		8C256AED047F413A8B1623E1 /* SF-Pro-Display-Thin.otf in Resources */ = {isa = PBXBuildFile; fileRef = A464FBC38759498695B76146 /* SF-Pro-Display-Thin.otf */; };
		92CE478B7EA84B11A283B078 /* Quicksand-Regular.ttf in Resources */ = {isa = PBXBuildFile; fileRef = 48527167E465436CADB2FDDB /* Quicksand-Regular.ttf */; };
		9C59740B65674492903BADF2 /* SF-Pro-Display-BlackItalic.otf in Resources */ = {isa = PBXBuildFile; fileRef = 3CE698F1C4A84909874CCD17 /* SF-Pro-Display-BlackItalic.otf */; };
		A8B7EA63422648EDA2E7275E /* SF-Pro-Display-Heavy.otf in Resources */ = {isa = PBXBuildFile; fileRef = 528CBBFC69064E538CBB1897 /* SF-Pro-Display-Heavy.otf */; };
		AC33D1747D2A4D87A8F6C2DA /* SF-Pro-Display-HeavyItalic.otf in Resources */ = {isa = PBXBuildFile; fileRef = 1D1D23A4E2834E659E0AD055 /* SF-Pro-Display-HeavyItalic.otf */; };
		B13C5F53506743C597D64424 /* Comfortaa-SemiBold.ttf in Resources */ = {isa = PBXBuildFile; fileRef = 66E064A800D34EE192B1C373 /* Comfortaa-SemiBold.ttf */; };
		C0A2F973724A4105BC0F7375 /* Nunito-Regular.ttf in Resources */ = {isa = PBXBuildFile; fileRef = 3DE485B56AEC426BA57CA8D0 /* Nunito-Regular.ttf */; };
		C2A96EA30C314E4EBF844D99 /* SF-Pro-Display-Medium.otf in Resources */ = {isa = PBXBuildFile; fileRef = 5FF497D10AEB471591C36D23 /* SF-Pro-Display-Medium.otf */; };
		C46C8642A50F4DF0B73B2237 /* SF-Pro-Display-Regular.otf in Resources */ = {isa = PBXBuildFile; fileRef = B7DEA8ACFB174E2B95B6E077 /* SF-Pro-Display-Regular.otf */; };
		C6C3CE287DFA4C0F8BCDA305 /* Nunito-Light.ttf in Resources */ = {isa = PBXBuildFile; fileRef = 5DF0BAA079CF4462A1E21364 /* Nunito-Light.ttf */; };
		C6E74C7ABE9D4CA48726F220 /* Quicksand-SemiBold.ttf in Resources */ = {isa = PBXBuildFile; fileRef = DFCFCB85702B40A8B96BE939 /* Quicksand-SemiBold.ttf */; };
		D001BA2DBF3748B0B5FF837F /* Comfortaa-Bold.ttf in Resources */ = {isa = PBXBuildFile; fileRef = 0B24B0E8780E40D3A25211CE /* Comfortaa-Bold.ttf */; };
		D3F1746F2E314E6C938961AA /* Quicksand-Bold.ttf in Resources */ = {isa = PBXBuildFile; fileRef = DADE60D3D3794F6E9D634D9F /* Quicksand-Bold.ttf */; };
		D48347F8B6B9449885B11258 /* Nunito-LightItalic.ttf in Resources */ = {isa = PBXBuildFile; fileRef = 0D7FC5A5834E4F61964FE75F /* Nunito-LightItalic.ttf */; };
		D86CA179E3CA4C67BC09E629 /* SF-Pro-Display-Black.otf in Resources */ = {isa = PBXBuildFile; fileRef = 38F57FA9EBDE4789B49D5DF7 /* SF-Pro-Display-Black.otf */; };
		DC5F22E0C8B04F369465AA98 /* Panton-LightitalicCaps.otf in Resources */ = {isa = PBXBuildFile; fileRef = 752ABBEF062F418D95CC6A7A /* Panton-LightitalicCaps.otf */; };
		E012D4D0A5CB4342AB1CC640 /* Nunito-Italic.ttf in Resources */ = {isa = PBXBuildFile; fileRef = 7C29F40F775C46F985FB252F /* Nunito-Italic.ttf */; };
		E0C7F4172D4A4CA8AAEC73F7 /* SF-Pro-Display-Ultralight.otf in Resources */ = {isa = PBXBuildFile; fileRef = A1B97B973602457FB1DC9531 /* SF-Pro-Display-Ultralight.otf */; };
		E33B023F645A4D1EAEE503D5 /* Nunito-BlackItalic.ttf in Resources */ = {isa = PBXBuildFile; fileRef = 224A292C8C0C4146952EC66D /* Nunito-BlackItalic.ttf */; };
		EE9106867F1C48C6AE751707 /* SF-Pro-Display-Light.otf in Resources */ = {isa = PBXBuildFile; fileRef = 109BC36FBFA24EA995DDE70A /* SF-Pro-Display-Light.otf */; };
		F3FE47B3AC4C4E409635A259 /* Panton-BlackCaps.otf in Resources */ = {isa = PBXBuildFile; fileRef = BA653E6F6E5C4DB7999622FB /* Panton-BlackCaps.otf */; };
		F4C96A0B095F4054851D9845 /* SF-Pro-Display-RegularItalic.otf in Resources */ = {isa = PBXBuildFile; fileRef = 81E962A2476C45EA8F2FFDFB /* SF-Pro-Display-RegularItalic.otf */; };
		FB0E531B5D0D4535A7BE261D /* Panton-BlackitalicCaps.otf in Resources */ = {isa = PBXBuildFile; fileRef = FA79F3B2A7DE47C5BF763095 /* Panton-BlackitalicCaps.otf */; };
		FBDAF3D89F584167BD99D8B4 /* Comfortaa-Regular.ttf in Resources */ = {isa = PBXBuildFile; fileRef = 9503C90D7DD142218788F4D0 /* Comfortaa-Regular.ttf */; };
		FE1F1B711A764BCDB3E0C04B /* SF-Pro-Display-UltralightItalic.otf in Resources */ = {isa = PBXBuildFile; fileRef = A51B4E88E2544D8984509925 /* SF-Pro-Display-UltralightItalic.otf */; };
		FFD40CF620334B7CBAE733E0 /* Nunito-ExtraLight.ttf in Resources */ = {isa = PBXBuildFile; fileRef = B37C6149A0A646B085CCAB46 /* Nunito-ExtraLight.ttf */; };
		FFE6BB408D084F459223C479 /* Nunito-ExtraBold.ttf in Resources */ = {isa = PBXBuildFile; fileRef = CB40BF238F6345C9801F0807 /* Nunito-ExtraBold.ttf */; };
/* End PBXBuildFile section */

/* Begin PBXContainerItemProxy section */
		00E356F41AD99517003FC87E /* PBXContainerItemProxy */ = {
			isa = PBXContainerItemProxy;
			containerPortal = 83CBB9F71A601CBA00E9B192 /* Project object */;
			proxyType = 1;
			remoteGlobalIDString = 13B07F861A680F5B00A75B9A;
			remoteInfo = LostAndFound;
		};
/* End PBXContainerItemProxy section */

/* Begin PBXFileReference section */
		00E356EE1AD99517003FC87E /* LostAndFoundTests.xctest */ = {isa = PBXFileReference; explicitFileType = wrapper.cfbundle; includeInIndex = 0; path = LostAndFoundTests.xctest; sourceTree = BUILT_PRODUCTS_DIR; };
		00E356F11AD99517003FC87E /* Info.plist */ = {isa = PBXFileReference; lastKnownFileType = text.plist.xml; path = Info.plist; sourceTree = "<group>"; };
		00E356F21AD99517003FC87E /* LostAndFoundTests.m */ = {isa = PBXFileReference; lastKnownFileType = sourcecode.c.objc; path = LostAndFoundTests.m; sourceTree = "<group>"; };
		0B24B0E8780E40D3A25211CE /* Comfortaa-Bold.ttf */ = {isa = PBXFileReference; explicitFileType = undefined; fileEncoding = undefined; includeInIndex = 0; lastKnownFileType = unknown; name = "Comfortaa-Bold.ttf"; path = "../assets/fonts/Comfortaa-Bold.ttf"; sourceTree = "<group>"; };
		0D7FC5A5834E4F61964FE75F /* Nunito-LightItalic.ttf */ = {isa = PBXFileReference; explicitFileType = undefined; fileEncoding = undefined; includeInIndex = 0; lastKnownFileType = unknown; name = "Nunito-LightItalic.ttf"; path = "../assets/fonts/Nunito-LightItalic.ttf"; sourceTree = "<group>"; };
		109BC36FBFA24EA995DDE70A /* SF-Pro-Display-Light.otf */ = {isa = PBXFileReference; explicitFileType = undefined; fileEncoding = undefined; includeInIndex = 0; lastKnownFileType = unknown; name = "SF-Pro-Display-Light.otf"; path = "../assets/fonts/SF-Pro-Display-Light.otf"; sourceTree = "<group>"; };
		13B07F961A680F5B00A75B9A /* LostAndFound.app */ = {isa = PBXFileReference; explicitFileType = wrapper.application; includeInIndex = 0; path = LostAndFound.app; sourceTree = BUILT_PRODUCTS_DIR; };
		13B07FAF1A68108700A75B9A /* AppDelegate.h */ = {isa = PBXFileReference; fileEncoding = 4; lastKnownFileType = sourcecode.c.h; name = AppDelegate.h; path = LostAndFound/AppDelegate.h; sourceTree = "<group>"; };
		13B07FB01A68108700A75B9A /* AppDelegate.mm */ = {isa = PBXFileReference; fileEncoding = 4; lastKnownFileType = sourcecode.cpp.objcpp; name = AppDelegate.mm; path = LostAndFound/AppDelegate.mm; sourceTree = "<group>"; };
		13B07FB51A68108700A75B9A /* Images.xcassets */ = {isa = PBXFileReference; lastKnownFileType = folder.assetcatalog; name = Images.xcassets; path = LostAndFound/Images.xcassets; sourceTree = "<group>"; };
		13B07FB61A68108700A75B9A /* Info.plist */ = {isa = PBXFileReference; fileEncoding = 4; lastKnownFileType = text.plist.xml; name = Info.plist; path = LostAndFound/Info.plist; sourceTree = "<group>"; };
		13B07FB71A68108700A75B9A /* main.m */ = {isa = PBXFileReference; fileEncoding = 4; lastKnownFileType = sourcecode.c.objc; name = main.m; path = LostAndFound/main.m; sourceTree = "<group>"; };
		1663AF55F89D4836816B086C /* Nunito-SemiBoldItalic.ttf */ = {isa = PBXFileReference; explicitFileType = undefined; fileEncoding = undefined; includeInIndex = 0; lastKnownFileType = unknown; name = "Nunito-SemiBoldItalic.ttf"; path = "../assets/fonts/Nunito-SemiBoldItalic.ttf"; sourceTree = "<group>"; };
		19F6CBCC0A4E27FBF8BF4A61 /* libPods-LostAndFound-LostAndFoundTests.a */ = {isa = PBXFileReference; explicitFileType = archive.ar; includeInIndex = 0; path = "libPods-LostAndFound-LostAndFoundTests.a"; sourceTree = BUILT_PRODUCTS_DIR; };
		1D1D23A4E2834E659E0AD055 /* SF-Pro-Display-HeavyItalic.otf */ = {isa = PBXFileReference; explicitFileType = undefined; fileEncoding = undefined; includeInIndex = 0; lastKnownFileType = unknown; name = "SF-Pro-Display-HeavyItalic.otf"; path = "../assets/fonts/SF-Pro-Display-HeavyItalic.otf"; sourceTree = "<group>"; };
		224A292C8C0C4146952EC66D /* Nunito-BlackItalic.ttf */ = {isa = PBXFileReference; explicitFileType = undefined; fileEncoding = undefined; includeInIndex = 0; lastKnownFileType = unknown; name = "Nunito-BlackItalic.ttf"; path = "../assets/fonts/Nunito-BlackItalic.ttf"; sourceTree = "<group>"; };
		31795207005A4969B67950E4 /* SF-Pro-Display-Semibold.otf */ = {isa = PBXFileReference; explicitFileType = undefined; fileEncoding = undefined; includeInIndex = 0; lastKnownFileType = unknown; name = "SF-Pro-Display-Semibold.otf"; path = "../assets/fonts/SF-Pro-Display-Semibold.otf"; sourceTree = "<group>"; };
		31F31DA62E324E7EBBE69E26 /* Nunito-SemiBold.ttf */ = {isa = PBXFileReference; explicitFileType = undefined; fileEncoding = undefined; includeInIndex = 0; lastKnownFileType = unknown; name = "Nunito-SemiBold.ttf"; path = "../assets/fonts/Nunito-SemiBold.ttf"; sourceTree = "<group>"; };
		38F57FA9EBDE4789B49D5DF7 /* SF-Pro-Display-Black.otf */ = {isa = PBXFileReference; explicitFileType = undefined; fileEncoding = undefined; includeInIndex = 0; lastKnownFileType = unknown; name = "SF-Pro-Display-Black.otf"; path = "../assets/fonts/SF-Pro-Display-Black.otf"; sourceTree = "<group>"; };
		3943D8E8A20048B59798082C /* Quicksand-Light.ttf */ = {isa = PBXFileReference; explicitFileType = undefined; fileEncoding = undefined; includeInIndex = 0; lastKnownFileType = unknown; name = "Quicksand-Light.ttf"; path = "../assets/fonts/Quicksand-Light.ttf"; sourceTree = "<group>"; };
		3B4392A12AC88292D35C810B /* Pods-LostAndFound.debug.xcconfig */ = {isa = PBXFileReference; includeInIndex = 1; lastKnownFileType = text.xcconfig; name = "Pods-LostAndFound.debug.xcconfig"; path = "Target Support Files/Pods-LostAndFound/Pods-LostAndFound.debug.xcconfig"; sourceTree = "<group>"; };
		3CE698F1C4A84909874CCD17 /* SF-Pro-Display-BlackItalic.otf */ = {isa = PBXFileReference; explicitFileType = undefined; fileEncoding = undefined; includeInIndex = 0; lastKnownFileType = unknown; name = "SF-Pro-Display-BlackItalic.otf"; path = "../assets/fonts/SF-Pro-Display-BlackItalic.otf"; sourceTree = "<group>"; };
		3DE485B56AEC426BA57CA8D0 /* Nunito-Regular.ttf */ = {isa = PBXFileReference; explicitFileType = undefined; fileEncoding = undefined; includeInIndex = 0; lastKnownFileType = unknown; name = "Nunito-Regular.ttf"; path = "../assets/fonts/Nunito-Regular.ttf"; sourceTree = "<group>"; };
		47CEF4A621034C9BBBA704EE /* SF-Pro-Display-BoldItalic.otf */ = {isa = PBXFileReference; explicitFileType = undefined; fileEncoding = undefined; includeInIndex = 0; lastKnownFileType = unknown; name = "SF-Pro-Display-BoldItalic.otf"; path = "../assets/fonts/SF-Pro-Display-BoldItalic.otf"; sourceTree = "<group>"; };
		48527167E465436CADB2FDDB /* Quicksand-Regular.ttf */ = {isa = PBXFileReference; explicitFileType = undefined; fileEncoding = undefined; includeInIndex = 0; lastKnownFileType = unknown; name = "Quicksand-Regular.ttf"; path = "../assets/fonts/Quicksand-Regular.ttf"; sourceTree = "<group>"; };
		4D941F1E50514D27A27A860E /* Comfortaa-Light.ttf */ = {isa = PBXFileReference; explicitFileType = undefined; fileEncoding = undefined; includeInIndex = 0; lastKnownFileType = unknown; name = "Comfortaa-Light.ttf"; path = "../assets/fonts/Comfortaa-Light.ttf"; sourceTree = "<group>"; };
		528CBBFC69064E538CBB1897 /* SF-Pro-Display-Heavy.otf */ = {isa = PBXFileReference; explicitFileType = undefined; fileEncoding = undefined; includeInIndex = 0; lastKnownFileType = unknown; name = "SF-Pro-Display-Heavy.otf"; path = "../assets/fonts/SF-Pro-Display-Heavy.otf"; sourceTree = "<group>"; };
		53F41C8AE5F7485D999A3211 /* Comfortaa-Medium.ttf */ = {isa = PBXFileReference; explicitFileType = undefined; fileEncoding = undefined; includeInIndex = 0; lastKnownFileType = unknown; name = "Comfortaa-Medium.ttf"; path = "../assets/fonts/Comfortaa-Medium.ttf"; sourceTree = "<group>"; };
		5709B34CF0A7D63546082F79 /* Pods-LostAndFound.release.xcconfig */ = {isa = PBXFileReference; includeInIndex = 1; lastKnownFileType = text.xcconfig; name = "Pods-LostAndFound.release.xcconfig"; path = "Target Support Files/Pods-LostAndFound/Pods-LostAndFound.release.xcconfig"; sourceTree = "<group>"; };
		5B7EB9410499542E8C5724F5 /* Pods-LostAndFound-LostAndFoundTests.debug.xcconfig */ = {isa = PBXFileReference; includeInIndex = 1; lastKnownFileType = text.xcconfig; name = "Pods-LostAndFound-LostAndFoundTests.debug.xcconfig"; path = "Target Support Files/Pods-LostAndFound-LostAndFoundTests/Pods-LostAndFound-LostAndFoundTests.debug.xcconfig"; sourceTree = "<group>"; };
		5BCD97FB59674BE5AE7FC634 /* SF-Pro-Display-ThinItalic.otf */ = {isa = PBXFileReference; explicitFileType = undefined; fileEncoding = undefined; includeInIndex = 0; lastKnownFileType = unknown; name = "SF-Pro-Display-ThinItalic.otf"; path = "../assets/fonts/SF-Pro-Display-ThinItalic.otf"; sourceTree = "<group>"; };
		5DCACB8F33CDC322A6C60F78 /* libPods-LostAndFound.a */ = {isa = PBXFileReference; explicitFileType = archive.ar; includeInIndex = 0; path = "libPods-LostAndFound.a"; sourceTree = BUILT_PRODUCTS_DIR; };
		5DF0BAA079CF4462A1E21364 /* Nunito-Light.ttf */ = {isa = PBXFileReference; explicitFileType = undefined; fileEncoding = undefined; includeInIndex = 0; lastKnownFileType = unknown; name = "Nunito-Light.ttf"; path = "../assets/fonts/Nunito-Light.ttf"; sourceTree = "<group>"; };
		5E74D73AC0EF4DA58E542778 /* Sunday-Best.ttf */ = {isa = PBXFileReference; explicitFileType = undefined; fileEncoding = undefined; includeInIndex = 0; lastKnownFileType = unknown; name = "Sunday-Best.ttf"; path = "../assets/fonts/Sunday-Best.ttf"; sourceTree = "<group>"; };
		5FF497D10AEB471591C36D23 /* SF-Pro-Display-Medium.otf */ = {isa = PBXFileReference; explicitFileType = undefined; fileEncoding = undefined; includeInIndex = 0; lastKnownFileType = unknown; name = "SF-Pro-Display-Medium.otf"; path = "../assets/fonts/SF-Pro-Display-Medium.otf"; sourceTree = "<group>"; };
		66E064A800D34EE192B1C373 /* Comfortaa-SemiBold.ttf */ = {isa = PBXFileReference; explicitFileType = undefined; fileEncoding = undefined; includeInIndex = 0; lastKnownFileType = unknown; name = "Comfortaa-SemiBold.ttf"; path = "../assets/fonts/Comfortaa-SemiBold.ttf"; sourceTree = "<group>"; };
		752ABBEF062F418D95CC6A7A /* Panton-LightitalicCaps.otf */ = {isa = PBXFileReference; explicitFileType = undefined; fileEncoding = undefined; includeInIndex = 0; lastKnownFileType = unknown; name = "Panton-LightitalicCaps.otf"; path = "../assets/fonts/Panton-LightitalicCaps.otf"; sourceTree = "<group>"; };
		7C29F40F775C46F985FB252F /* Nunito-Italic.ttf */ = {isa = PBXFileReference; explicitFileType = undefined; fileEncoding = undefined; includeInIndex = 0; lastKnownFileType = unknown; name = "Nunito-Italic.ttf"; path = "../assets/fonts/Nunito-Italic.ttf"; sourceTree = "<group>"; };
		81AB9BB72411601600AC10FF /* LaunchScreen.storyboard */ = {isa = PBXFileReference; fileEncoding = 4; lastKnownFileType = file.storyboard; name = LaunchScreen.storyboard; path = LostAndFound/LaunchScreen.storyboard; sourceTree = "<group>"; };
		81E962A2476C45EA8F2FFDFB /* SF-Pro-Display-RegularItalic.otf */ = {isa = PBXFileReference; explicitFileType = undefined; fileEncoding = undefined; includeInIndex = 0; lastKnownFileType = unknown; name = "SF-Pro-Display-RegularItalic.otf"; path = "../assets/fonts/SF-Pro-Display-RegularItalic.otf"; sourceTree = "<group>"; };
		89C6BE57DB24E9ADA2F236DE /* Pods-LostAndFound-LostAndFoundTests.release.xcconfig */ = {isa = PBXFileReference; includeInIndex = 1; lastKnownFileType = text.xcconfig; name = "Pods-LostAndFound-LostAndFoundTests.release.xcconfig"; path = "Target Support Files/Pods-LostAndFound-LostAndFoundTests/Pods-LostAndFound-LostAndFoundTests.release.xcconfig"; sourceTree = "<group>"; };
		8DABFF3B411D4CB58402D5C7 /* Nunito-MediumItalic.ttf */ = {isa = PBXFileReference; explicitFileType = undefined; fileEncoding = undefined; includeInIndex = 0; lastKnownFileType = unknown; name = "Nunito-MediumItalic.ttf"; path = "../assets/fonts/Nunito-MediumItalic.ttf"; sourceTree = "<group>"; };
		8F3C390829FC44999202227D /* Panton-LightCaps.otf */ = {isa = PBXFileReference; explicitFileType = undefined; fileEncoding = undefined; includeInIndex = 0; lastKnownFileType = unknown; name = "Panton-LightCaps.otf"; path = "../assets/fonts/Panton-LightCaps.otf"; sourceTree = "<group>"; };
		9503C90D7DD142218788F4D0 /* Comfortaa-Regular.ttf */ = {isa = PBXFileReference; explicitFileType = undefined; fileEncoding = undefined; includeInIndex = 0; lastKnownFileType = unknown; name = "Comfortaa-Regular.ttf"; path = "../assets/fonts/Comfortaa-Regular.ttf"; sourceTree = "<group>"; };
		9C0238B6C4ED423F9D594526 /* Nunito-ExtraLightItalic.ttf */ = {isa = PBXFileReference; explicitFileType = undefined; fileEncoding = undefined; includeInIndex = 0; lastKnownFileType = unknown; name = "Nunito-ExtraLightItalic.ttf"; path = "../assets/fonts/Nunito-ExtraLightItalic.ttf"; sourceTree = "<group>"; };
		A1B97B973602457FB1DC9531 /* SF-Pro-Display-Ultralight.otf */ = {isa = PBXFileReference; explicitFileType = undefined; fileEncoding = undefined; includeInIndex = 0; lastKnownFileType = unknown; name = "SF-Pro-Display-Ultralight.otf"; path = "../assets/fonts/SF-Pro-Display-Ultralight.otf"; sourceTree = "<group>"; };
		A464FBC38759498695B76146 /* SF-Pro-Display-Thin.otf */ = {isa = PBXFileReference; explicitFileType = undefined; fileEncoding = undefined; includeInIndex = 0; lastKnownFileType = unknown; name = "SF-Pro-Display-Thin.otf"; path = "../assets/fonts/SF-Pro-Display-Thin.otf"; sourceTree = "<group>"; };
		A51B4E88E2544D8984509925 /* SF-Pro-Display-UltralightItalic.otf */ = {isa = PBXFileReference; explicitFileType = undefined; fileEncoding = undefined; includeInIndex = 0; lastKnownFileType = unknown; name = "SF-Pro-Display-UltralightItalic.otf"; path = "../assets/fonts/SF-Pro-Display-UltralightItalic.otf"; sourceTree = "<group>"; };
		A5DCAA6B60F14BA594040660 /* SF-Pro-Display-MediumItalic.otf */ = {isa = PBXFileReference; explicitFileType = undefined; fileEncoding = undefined; includeInIndex = 0; lastKnownFileType = unknown; name = "SF-Pro-Display-MediumItalic.otf"; path = "../assets/fonts/SF-Pro-Display-MediumItalic.otf"; sourceTree = "<group>"; };
		B37C6149A0A646B085CCAB46 /* Nunito-ExtraLight.ttf */ = {isa = PBXFileReference; explicitFileType = undefined; fileEncoding = undefined; includeInIndex = 0; lastKnownFileType = unknown; name = "Nunito-ExtraLight.ttf"; path = "../assets/fonts/Nunito-ExtraLight.ttf"; sourceTree = "<group>"; };
		B604FE2369444E1B938B831F /* Nunito-BoldItalic.ttf */ = {isa = PBXFileReference; explicitFileType = undefined; fileEncoding = undefined; includeInIndex = 0; lastKnownFileType = unknown; name = "Nunito-BoldItalic.ttf"; path = "../assets/fonts/Nunito-BoldItalic.ttf"; sourceTree = "<group>"; };
		B7DEA8ACFB174E2B95B6E077 /* SF-Pro-Display-Regular.otf */ = {isa = PBXFileReference; explicitFileType = undefined; fileEncoding = undefined; includeInIndex = 0; lastKnownFileType = unknown; name = "SF-Pro-Display-Regular.otf"; path = "../assets/fonts/SF-Pro-Display-Regular.otf"; sourceTree = "<group>"; };
		B9FE7A77FF4B427CA077F8AA /* Nunito-Black.ttf */ = {isa = PBXFileReference; explicitFileType = undefined; fileEncoding = undefined; includeInIndex = 0; lastKnownFileType = unknown; name = "Nunito-Black.ttf"; path = "../assets/fonts/Nunito-Black.ttf"; sourceTree = "<group>"; };
		BA653E6F6E5C4DB7999622FB /* Panton-BlackCaps.otf */ = {isa = PBXFileReference; explicitFileType = undefined; fileEncoding = undefined; includeInIndex = 0; lastKnownFileType = unknown; name = "Panton-BlackCaps.otf"; path = "../assets/fonts/Panton-BlackCaps.otf"; sourceTree = "<group>"; };
		BDDB307AA05B47358C5BCB8F /* SF-Pro-Display-SemiboldItalic.otf */ = {isa = PBXFileReference; explicitFileType = undefined; fileEncoding = undefined; includeInIndex = 0; lastKnownFileType = unknown; name = "SF-Pro-Display-SemiboldItalic.otf"; path = "../assets/fonts/SF-Pro-Display-SemiboldItalic.otf"; sourceTree = "<group>"; };
		C7AF8861CB964AB18B7E285F /* Nunito-Bold.ttf */ = {isa = PBXFileReference; explicitFileType = undefined; fileEncoding = undefined; includeInIndex = 0; lastKnownFileType = unknown; name = "Nunito-Bold.ttf"; path = "../assets/fonts/Nunito-Bold.ttf"; sourceTree = "<group>"; };
		CB40BF238F6345C9801F0807 /* Nunito-ExtraBold.ttf */ = {isa = PBXFileReference; explicitFileType = undefined; fileEncoding = undefined; includeInIndex = 0; lastKnownFileType = unknown; name = "Nunito-ExtraBold.ttf"; path = "../assets/fonts/Nunito-ExtraBold.ttf"; sourceTree = "<group>"; };
		D04A9A8B849F4EF9AFAED1FB /* SF-Pro-Display-Bold.otf */ = {isa = PBXFileReference; explicitFileType = undefined; fileEncoding = undefined; includeInIndex = 0; lastKnownFileType = unknown; name = "SF-Pro-Display-Bold.otf"; path = "../assets/fonts/SF-Pro-Display-Bold.otf"; sourceTree = "<group>"; };
		D28F4623ED0D4FBDBAD2E873 /* SF-Pro-Display-LightItalic.otf */ = {isa = PBXFileReference; explicitFileType = undefined; fileEncoding = undefined; includeInIndex = 0; lastKnownFileType = unknown; name = "SF-Pro-Display-LightItalic.otf"; path = "../assets/fonts/SF-Pro-Display-LightItalic.otf"; sourceTree = "<group>"; };
		D2CF331A4103456D99C2E4E7 /* Nunito-Medium.ttf */ = {isa = PBXFileReference; explicitFileType = undefined; fileEncoding = undefined; includeInIndex = 0; lastKnownFileType = unknown; name = "Nunito-Medium.ttf"; path = "../assets/fonts/Nunito-Medium.ttf"; sourceTree = "<group>"; };
		DADE60D3D3794F6E9D634D9F /* Quicksand-Bold.ttf */ = {isa = PBXFileReference; explicitFileType = undefined; fileEncoding = undefined; includeInIndex = 0; lastKnownFileType = unknown; name = "Quicksand-Bold.ttf"; path = "../assets/fonts/Quicksand-Bold.ttf"; sourceTree = "<group>"; };
		DFCFCB85702B40A8B96BE939 /* Quicksand-SemiBold.ttf */ = {isa = PBXFileReference; explicitFileType = undefined; fileEncoding = undefined; includeInIndex = 0; lastKnownFileType = unknown; name = "Quicksand-SemiBold.ttf"; path = "../assets/fonts/Quicksand-SemiBold.ttf"; sourceTree = "<group>"; };
		ED297162215061F000B7C4FE /* JavaScriptCore.framework */ = {isa = PBXFileReference; lastKnownFileType = wrapper.framework; name = JavaScriptCore.framework; path = System/Library/Frameworks/JavaScriptCore.framework; sourceTree = SDKROOT; };
		F495DB9F89F54A51A2FD279D /* Nunito-ExtraBoldItalic.ttf */ = {isa = PBXFileReference; explicitFileType = undefined; fileEncoding = undefined; includeInIndex = 0; lastKnownFileType = unknown; name = "Nunito-ExtraBoldItalic.ttf"; path = "../assets/fonts/Nunito-ExtraBoldItalic.ttf"; sourceTree = "<group>"; };
		F7FA1604201647D294EA4D52 /* Quicksand-Medium.ttf */ = {isa = PBXFileReference; explicitFileType = undefined; fileEncoding = undefined; includeInIndex = 0; lastKnownFileType = unknown; name = "Quicksand-Medium.ttf"; path = "../assets/fonts/Quicksand-Medium.ttf"; sourceTree = "<group>"; };
		FA79F3B2A7DE47C5BF763095 /* Panton-BlackitalicCaps.otf */ = {isa = PBXFileReference; explicitFileType = undefined; fileEncoding = undefined; includeInIndex = 0; lastKnownFileType = unknown; name = "Panton-BlackitalicCaps.otf"; path = "../assets/fonts/Panton-BlackitalicCaps.otf"; sourceTree = "<group>"; };
		FFEB044E51404287B48915C8 /* Sisterhood.ttf */ = {isa = PBXFileReference; explicitFileType = undefined; fileEncoding = undefined; includeInIndex = 0; lastKnownFileType = unknown; name = Sisterhood.ttf; path = ../assets/fonts/Sisterhood.ttf; sourceTree = "<group>"; };
/* End PBXFileReference section */

/* Begin PBXFrameworksBuildPhase section */
		00E356EB1AD99517003FC87E /* Frameworks */ = {
			isa = PBXFrameworksBuildPhase;
			buildActionMask = 2147483647;
			files = (
				7699B88040F8A987B510C191 /* libPods-LostAndFound-LostAndFoundTests.a in Frameworks */,
			);
			runOnlyForDeploymentPostprocessing = 0;
		};
		13B07F8C1A680F5B00A75B9A /* Frameworks */ = {
			isa = PBXFrameworksBuildPhase;
			buildActionMask = 2147483647;
			files = (
				0C80B921A6F3F58F76C31292 /* libPods-LostAndFound.a in Frameworks */,
			);
			runOnlyForDeploymentPostprocessing = 0;
		};
/* End PBXFrameworksBuildPhase section */

/* Begin PBXGroup section */
		00E356EF1AD99517003FC87E /* LostAndFoundTests */ = {
			isa = PBXGroup;
			children = (
				00E356F21AD99517003FC87E /* LostAndFoundTests.m */,
				00E356F01AD99517003FC87E /* Supporting Files */,
			);
			path = LostAndFoundTests;
			sourceTree = "<group>";
		};
		00E356F01AD99517003FC87E /* Supporting Files */ = {
			isa = PBXGroup;
			children = (
				00E356F11AD99517003FC87E /* Info.plist */,
			);
			name = "Supporting Files";
			sourceTree = "<group>";
		};
		13B07FAE1A68108700A75B9A /* LostAndFound */ = {
			isa = PBXGroup;
			children = (
				13B07FAF1A68108700A75B9A /* AppDelegate.h */,
				13B07FB01A68108700A75B9A /* AppDelegate.mm */,
				13B07FB51A68108700A75B9A /* Images.xcassets */,
				13B07FB61A68108700A75B9A /* Info.plist */,
				81AB9BB72411601600AC10FF /* LaunchScreen.storyboard */,
				13B07FB71A68108700A75B9A /* main.m */,
			);
			name = LostAndFound;
			sourceTree = "<group>";
		};
		2D16E6871FA4F8E400B85C8A /* Frameworks */ = {
			isa = PBXGroup;
			children = (
				ED297162215061F000B7C4FE /* JavaScriptCore.framework */,
				5DCACB8F33CDC322A6C60F78 /* libPods-LostAndFound.a */,
				19F6CBCC0A4E27FBF8BF4A61 /* libPods-LostAndFound-LostAndFoundTests.a */,
			);
			name = Frameworks;
			sourceTree = "<group>";
		};
		832341AE1AAA6A7D00B99B32 /* Libraries */ = {
			isa = PBXGroup;
			children = (
			);
			name = Libraries;
			sourceTree = "<group>";
		};
		8366C77955854D3E8E4F1F70 /* Resources */ = {
			isa = PBXGroup;
			children = (
				0B24B0E8780E40D3A25211CE /* Comfortaa-Bold.ttf */,
				4D941F1E50514D27A27A860E /* Comfortaa-Light.ttf */,
				53F41C8AE5F7485D999A3211 /* Comfortaa-Medium.ttf */,
				9503C90D7DD142218788F4D0 /* Comfortaa-Regular.ttf */,
				66E064A800D34EE192B1C373 /* Comfortaa-SemiBold.ttf */,
				B9FE7A77FF4B427CA077F8AA /* Nunito-Black.ttf */,
				224A292C8C0C4146952EC66D /* Nunito-BlackItalic.ttf */,
				C7AF8861CB964AB18B7E285F /* Nunito-Bold.ttf */,
				B604FE2369444E1B938B831F /* Nunito-BoldItalic.ttf */,
				CB40BF238F6345C9801F0807 /* Nunito-ExtraBold.ttf */,
				F495DB9F89F54A51A2FD279D /* Nunito-ExtraBoldItalic.ttf */,
				B37C6149A0A646B085CCAB46 /* Nunito-ExtraLight.ttf */,
				9C0238B6C4ED423F9D594526 /* Nunito-ExtraLightItalic.ttf */,
				7C29F40F775C46F985FB252F /* Nunito-Italic.ttf */,
				5DF0BAA079CF4462A1E21364 /* Nunito-Light.ttf */,
				0D7FC5A5834E4F61964FE75F /* Nunito-LightItalic.ttf */,
				D2CF331A4103456D99C2E4E7 /* Nunito-Medium.ttf */,
				8DABFF3B411D4CB58402D5C7 /* Nunito-MediumItalic.ttf */,
				3DE485B56AEC426BA57CA8D0 /* Nunito-Regular.ttf */,
				31F31DA62E324E7EBBE69E26 /* Nunito-SemiBold.ttf */,
				1663AF55F89D4836816B086C /* Nunito-SemiBoldItalic.ttf */,
				5E74D73AC0EF4DA58E542778 /* Sunday-Best.ttf */,
				DADE60D3D3794F6E9D634D9F /* Quicksand-Bold.ttf */,
				3943D8E8A20048B59798082C /* Quicksand-Light.ttf */,
				F7FA1604201647D294EA4D52 /* Quicksand-Medium.ttf */,
				48527167E465436CADB2FDDB /* Quicksand-Regular.ttf */,
				DFCFCB85702B40A8B96BE939 /* Quicksand-SemiBold.ttf */,
				BA653E6F6E5C4DB7999622FB /* Panton-BlackCaps.otf */,
				FA79F3B2A7DE47C5BF763095 /* Panton-BlackitalicCaps.otf */,
				8F3C390829FC44999202227D /* Panton-LightCaps.otf */,
				752ABBEF062F418D95CC6A7A /* Panton-LightitalicCaps.otf */,
				38F57FA9EBDE4789B49D5DF7 /* SF-Pro-Display-Black.otf */,
				3CE698F1C4A84909874CCD17 /* SF-Pro-Display-BlackItalic.otf */,
				D04A9A8B849F4EF9AFAED1FB /* SF-Pro-Display-Bold.otf */,
				47CEF4A621034C9BBBA704EE /* SF-Pro-Display-BoldItalic.otf */,
				528CBBFC69064E538CBB1897 /* SF-Pro-Display-Heavy.otf */,
				1D1D23A4E2834E659E0AD055 /* SF-Pro-Display-HeavyItalic.otf */,
				109BC36FBFA24EA995DDE70A /* SF-Pro-Display-Light.otf */,
				D28F4623ED0D4FBDBAD2E873 /* SF-Pro-Display-LightItalic.otf */,
				5FF497D10AEB471591C36D23 /* SF-Pro-Display-Medium.otf */,
				A5DCAA6B60F14BA594040660 /* SF-Pro-Display-MediumItalic.otf */,
				B7DEA8ACFB174E2B95B6E077 /* SF-Pro-Display-Regular.otf */,
				81E962A2476C45EA8F2FFDFB /* SF-Pro-Display-RegularItalic.otf */,
				31795207005A4969B67950E4 /* SF-Pro-Display-Semibold.otf */,
				BDDB307AA05B47358C5BCB8F /* SF-Pro-Display-SemiboldItalic.otf */,
				A464FBC38759498695B76146 /* SF-Pro-Display-Thin.otf */,
				5BCD97FB59674BE5AE7FC634 /* SF-Pro-Display-ThinItalic.otf */,
				A1B97B973602457FB1DC9531 /* SF-Pro-Display-Ultralight.otf */,
				A51B4E88E2544D8984509925 /* SF-Pro-Display-UltralightItalic.otf */,
				FFEB044E51404287B48915C8 /* Sisterhood.ttf */,
			);
			name = Resources;
			path = "";
			sourceTree = "<group>";
		};
		83CBB9F61A601CBA00E9B192 = {
			isa = PBXGroup;
			children = (
				13B07FAE1A68108700A75B9A /* LostAndFound */,
				832341AE1AAA6A7D00B99B32 /* Libraries */,
				00E356EF1AD99517003FC87E /* LostAndFoundTests */,
				83CBBA001A601CBA00E9B192 /* Products */,
				2D16E6871FA4F8E400B85C8A /* Frameworks */,
				BBD78D7AC51CEA395F1C20DB /* Pods */,
				8366C77955854D3E8E4F1F70 /* Resources */,
			);
			indentWidth = 2;
			sourceTree = "<group>";
			tabWidth = 2;
			usesTabs = 0;
		};
		83CBBA001A601CBA00E9B192 /* Products */ = {
			isa = PBXGroup;
			children = (
				13B07F961A680F5B00A75B9A /* LostAndFound.app */,
				00E356EE1AD99517003FC87E /* LostAndFoundTests.xctest */,
			);
			name = Products;
			sourceTree = "<group>";
		};
		BBD78D7AC51CEA395F1C20DB /* Pods */ = {
			isa = PBXGroup;
			children = (
				3B4392A12AC88292D35C810B /* Pods-LostAndFound.debug.xcconfig */,
				5709B34CF0A7D63546082F79 /* Pods-LostAndFound.release.xcconfig */,
				5B7EB9410499542E8C5724F5 /* Pods-LostAndFound-LostAndFoundTests.debug.xcconfig */,
				89C6BE57DB24E9ADA2F236DE /* Pods-LostAndFound-LostAndFoundTests.release.xcconfig */,
			);
			path = Pods;
			sourceTree = "<group>";
		};
/* End PBXGroup section */

/* Begin PBXNativeTarget section */
		00E356ED1AD99517003FC87E /* LostAndFoundTests */ = {
			isa = PBXNativeTarget;
			buildConfigurationList = 00E357021AD99517003FC87E /* Build configuration list for PBXNativeTarget "LostAndFoundTests" */;
			buildPhases = (
				A55EABD7B0C7F3A422A6CC61 /* [CP] Check Pods Manifest.lock */,
				00E356EA1AD99517003FC87E /* Sources */,
				00E356EB1AD99517003FC87E /* Frameworks */,
				00E356EC1AD99517003FC87E /* Resources */,
				C59DA0FBD6956966B86A3779 /* [CP] Embed Pods Frameworks */,
				F6A41C54EA430FDDC6A6ED99 /* [CP] Copy Pods Resources */,
			);
			buildRules = (
			);
			dependencies = (
				00E356F51AD99517003FC87E /* PBXTargetDependency */,
			);
			name = LostAndFoundTests;
			productName = LostAndFoundTests;
			productReference = 00E356EE1AD99517003FC87E /* LostAndFoundTests.xctest */;
			productType = "com.apple.product-type.bundle.unit-test";
		};
		13B07F861A680F5B00A75B9A /* LostAndFound */ = {
			isa = PBXNativeTarget;
			buildConfigurationList = 13B07F931A680F5B00A75B9A /* Build configuration list for PBXNativeTarget "LostAndFound" */;
			buildPhases = (
				C38B50BA6285516D6DCD4F65 /* [CP] Check Pods Manifest.lock */,
				FD10A7F022414F080027D42C /* Start Packager */,
				13B07F871A680F5B00A75B9A /* Sources */,
				13B07F8C1A680F5B00A75B9A /* Frameworks */,
				13B07F8E1A680F5B00A75B9A /* Resources */,
				00DD1BFF1BD5951E006B06BC /* Bundle React Native code and images */,
				00EEFC60759A1932668264C0 /* [CP] Embed Pods Frameworks */,
				E235C05ADACE081382539298 /* [CP] Copy Pods Resources */,
			);
			buildRules = (
			);
			dependencies = (
			);
			name = LostAndFound;
			productName = LostAndFound;
			productReference = 13B07F961A680F5B00A75B9A /* LostAndFound.app */;
			productType = "com.apple.product-type.application";
		};
/* End PBXNativeTarget section */

/* Begin PBXProject section */
		83CBB9F71A601CBA00E9B192 /* Project object */ = {
			isa = PBXProject;
			attributes = {
				LastUpgradeCheck = 1210;
				TargetAttributes = {
					00E356ED1AD99517003FC87E = {
						CreatedOnToolsVersion = 6.2;
						TestTargetID = 13B07F861A680F5B00A75B9A;
					};
					13B07F861A680F5B00A75B9A = {
						LastSwiftMigration = 1120;
					};
				};
			};
			buildConfigurationList = 83CBB9FA1A601CBA00E9B192 /* Build configuration list for PBXProject "LostAndFound" */;
			compatibilityVersion = "Xcode 12.0";
			developmentRegion = en;
			hasScannedForEncodings = 0;
			knownRegions = (
				en,
				Base,
			);
			mainGroup = 83CBB9F61A601CBA00E9B192;
			productRefGroup = 83CBBA001A601CBA00E9B192 /* Products */;
			projectDirPath = "";
			projectRoot = "";
			targets = (
				13B07F861A680F5B00A75B9A /* LostAndFound */,
				00E356ED1AD99517003FC87E /* LostAndFoundTests */,
			);
		};
/* End PBXProject section */

/* Begin PBXResourcesBuildPhase section */
		00E356EC1AD99517003FC87E /* Resources */ = {
			isa = PBXResourcesBuildPhase;
			buildActionMask = 2147483647;
			files = (
			);
			runOnlyForDeploymentPostprocessing = 0;
		};
		13B07F8E1A680F5B00A75B9A /* Resources */ = {
			isa = PBXResourcesBuildPhase;
			buildActionMask = 2147483647;
			files = (
				81AB9BB82411601600AC10FF /* LaunchScreen.storyboard in Resources */,
				13B07FBF1A68108700A75B9A /* Images.xcassets in Resources */,
				D001BA2DBF3748B0B5FF837F /* Comfortaa-Bold.ttf in Resources */,
				3CC7ACFB24894FBCAA08B68E /* Comfortaa-Light.ttf in Resources */,
				52FE3BE5CFCD483AB9964212 /* Comfortaa-Medium.ttf in Resources */,
				FBDAF3D89F584167BD99D8B4 /* Comfortaa-Regular.ttf in Resources */,
				B13C5F53506743C597D64424 /* Comfortaa-SemiBold.ttf in Resources */,
				6948E44B826A495C8CBFDD6E /* Nunito-Black.ttf in Resources */,
				E33B023F645A4D1EAEE503D5 /* Nunito-BlackItalic.ttf in Resources */,
				00DBFA2DF40C4A2C8090BA3B /* Nunito-Bold.ttf in Resources */,
				71DF34852D6B44A2B026CB93 /* Nunito-BoldItalic.ttf in Resources */,
				FFE6BB408D084F459223C479 /* Nunito-ExtraBold.ttf in Resources */,
				1A6D45F1E17C42AA803030CC /* Nunito-ExtraBoldItalic.ttf in Resources */,
				FFD40CF620334B7CBAE733E0 /* Nunito-ExtraLight.ttf in Resources */,
				18D6630A0C35430DA47FA2B6 /* Nunito-ExtraLightItalic.ttf in Resources */,
				E012D4D0A5CB4342AB1CC640 /* Nunito-Italic.ttf in Resources */,
				C6C3CE287DFA4C0F8BCDA305 /* Nunito-Light.ttf in Resources */,
				D48347F8B6B9449885B11258 /* Nunito-LightItalic.ttf in Resources */,
				087A610AD123423A9AA2AAAA /* Nunito-Medium.ttf in Resources */,
				2291FB23798B42C98DDC3A74 /* Nunito-MediumItalic.ttf in Resources */,
				C0A2F973724A4105BC0F7375 /* Nunito-Regular.ttf in Resources */,
				89170393440446A0AC280EB4 /* Nunito-SemiBold.ttf in Resources */,
				41139E76A8314DDFA36AE083 /* Nunito-SemiBoldItalic.ttf in Resources */,
				092EE0A9D72C47AEA594F7DD /* Sunday-Best.ttf in Resources */,
				D3F1746F2E314E6C938961AA /* Quicksand-Bold.ttf in Resources */,
				734F138689E6416D95945D92 /* Quicksand-Light.ttf in Resources */,
				4F7EC85AA2A24064A1E70A74 /* Quicksand-Medium.ttf in Resources */,
				92CE478B7EA84B11A283B078 /* Quicksand-Regular.ttf in Resources */,
				C6E74C7ABE9D4CA48726F220 /* Quicksand-SemiBold.ttf in Resources */,
				F3FE47B3AC4C4E409635A259 /* Panton-BlackCaps.otf in Resources */,
				FB0E531B5D0D4535A7BE261D /* Panton-BlackitalicCaps.otf in Resources */,
				6D3BBA4028DA4883828BC3AF /* Panton-LightCaps.otf in Resources */,
				DC5F22E0C8B04F369465AA98 /* Panton-LightitalicCaps.otf in Resources */,
				D86CA179E3CA4C67BC09E629 /* SF-Pro-Display-Black.otf in Resources */,
				9C59740B65674492903BADF2 /* SF-Pro-Display-BlackItalic.otf in Resources */,
				6B004E88102347AB86BBAA1A /* SF-Pro-Display-Bold.otf in Resources */,
				3E412DB0ADE34DEFA24727B5 /* SF-Pro-Display-BoldItalic.otf in Resources */,
				A8B7EA63422648EDA2E7275E /* SF-Pro-Display-Heavy.otf in Resources */,
				AC33D1747D2A4D87A8F6C2DA /* SF-Pro-Display-HeavyItalic.otf in Resources */,
				EE9106867F1C48C6AE751707 /* SF-Pro-Display-Light.otf in Resources */,
				392ABFB210F24B35ABCA8185 /* SF-Pro-Display-LightItalic.otf in Resources */,
				C2A96EA30C314E4EBF844D99 /* SF-Pro-Display-Medium.otf in Resources */,
				33C70DC7F45A48F58BDC7B55 /* SF-Pro-Display-MediumItalic.otf in Resources */,
				C46C8642A50F4DF0B73B2237 /* SF-Pro-Display-Regular.otf in Resources */,
				F4C96A0B095F4054851D9845 /* SF-Pro-Display-RegularItalic.otf in Resources */,
				13806FDFCD2B4AB2AF39F174 /* SF-Pro-Display-Semibold.otf in Resources */,
				055AAC2BAED64DCF9798B726 /* SF-Pro-Display-SemiboldItalic.otf in Resources */,
				8C256AED047F413A8B1623E1 /* SF-Pro-Display-Thin.otf in Resources */,
				6A54FF043E26443B8B02B825 /* SF-Pro-Display-ThinItalic.otf in Resources */,
				E0C7F4172D4A4CA8AAEC73F7 /* SF-Pro-Display-Ultralight.otf in Resources */,
				FE1F1B711A764BCDB3E0C04B /* SF-Pro-Display-UltralightItalic.otf in Resources */,
				74C5B5A1EB2A49ACBE653B05 /* Sisterhood.ttf in Resources */,
			);
			runOnlyForDeploymentPostprocessing = 0;
		};
/* End PBXResourcesBuildPhase section */

/* Begin PBXShellScriptBuildPhase section */
		00DD1BFF1BD5951E006B06BC /* Bundle React Native code and images */ = {
			isa = PBXShellScriptBuildPhase;
			buildActionMask = 2147483647;
			files = (
			);
			inputPaths = (
				"$(SRCROOT)/.xcode.env.local",
				"$(SRCROOT)/.xcode.env",
			);
			name = "Bundle React Native code and images";
			outputPaths = (
			);
			runOnlyForDeploymentPostprocessing = 0;
			shellPath = /bin/sh;
			shellScript = "set -e\n\nWITH_ENVIRONMENT=\"../node_modules/react-native/scripts/xcode/with-environment.sh\"\nREACT_NATIVE_XCODE=\"../node_modules/react-native/scripts/react-native-xcode.sh\"\n\n/bin/sh -c \"$WITH_ENVIRONMENT $REACT_NATIVE_XCODE\"\n";
		};
		00EEFC60759A1932668264C0 /* [CP] Embed Pods Frameworks */ = {
			isa = PBXShellScriptBuildPhase;
			buildActionMask = 2147483647;
			files = (
			);
			inputFileListPaths = (
				"${PODS_ROOT}/Target Support Files/Pods-LostAndFound/Pods-LostAndFound-frameworks-${CONFIGURATION}-input-files.xcfilelist",
			);
			name = "[CP] Embed Pods Frameworks";
			outputFileListPaths = (
				"${PODS_ROOT}/Target Support Files/Pods-LostAndFound/Pods-LostAndFound-frameworks-${CONFIGURATION}-output-files.xcfilelist",
			);
			runOnlyForDeploymentPostprocessing = 0;
			shellPath = /bin/sh;
			shellScript = "\"${PODS_ROOT}/Target Support Files/Pods-LostAndFound/Pods-LostAndFound-frameworks.sh\"\n";
			showEnvVarsInLog = 0;
		};
		A55EABD7B0C7F3A422A6CC61 /* [CP] Check Pods Manifest.lock */ = {
			isa = PBXShellScriptBuildPhase;
			buildActionMask = 2147483647;
			files = (
			);
			inputFileListPaths = (
			);
			inputPaths = (
				"${PODS_PODFILE_DIR_PATH}/Podfile.lock",
				"${PODS_ROOT}/Manifest.lock",
			);
			name = "[CP] Check Pods Manifest.lock";
			outputFileListPaths = (
			);
			outputPaths = (
				"$(DERIVED_FILE_DIR)/Pods-LostAndFound-LostAndFoundTests-checkManifestLockResult.txt",
			);
			runOnlyForDeploymentPostprocessing = 0;
			shellPath = /bin/sh;
			shellScript = "diff \"${PODS_PODFILE_DIR_PATH}/Podfile.lock\" \"${PODS_ROOT}/Manifest.lock\" > /dev/null\nif [ $? != 0 ] ; then\n    # print error to STDERR\n    echo \"error: The sandbox is not in sync with the Podfile.lock. Run 'pod install' or update your CocoaPods installation.\" >&2\n    exit 1\nfi\n# This output is used by Xcode 'outputs' to avoid re-running this script phase.\necho \"SUCCESS\" > \"${SCRIPT_OUTPUT_FILE_0}\"\n";
			showEnvVarsInLog = 0;
		};
		C38B50BA6285516D6DCD4F65 /* [CP] Check Pods Manifest.lock */ = {
			isa = PBXShellScriptBuildPhase;
			buildActionMask = 2147483647;
			files = (
			);
			inputFileListPaths = (
			);
			inputPaths = (
				"${PODS_PODFILE_DIR_PATH}/Podfile.lock",
				"${PODS_ROOT}/Manifest.lock",
			);
			name = "[CP] Check Pods Manifest.lock";
			outputFileListPaths = (
			);
			outputPaths = (
				"$(DERIVED_FILE_DIR)/Pods-LostAndFound-checkManifestLockResult.txt",
			);
			runOnlyForDeploymentPostprocessing = 0;
			shellPath = /bin/sh;
			shellScript = "diff \"${PODS_PODFILE_DIR_PATH}/Podfile.lock\" \"${PODS_ROOT}/Manifest.lock\" > /dev/null\nif [ $? != 0 ] ; then\n    # print error to STDERR\n    echo \"error: The sandbox is not in sync with the Podfile.lock. Run 'pod install' or update your CocoaPods installation.\" >&2\n    exit 1\nfi\n# This output is used by Xcode 'outputs' to avoid re-running this script phase.\necho \"SUCCESS\" > \"${SCRIPT_OUTPUT_FILE_0}\"\n";
			showEnvVarsInLog = 0;
		};
		C59DA0FBD6956966B86A3779 /* [CP] Embed Pods Frameworks */ = {
			isa = PBXShellScriptBuildPhase;
			buildActionMask = 2147483647;
			files = (
			);
			inputFileListPaths = (
				"${PODS_ROOT}/Target Support Files/Pods-LostAndFound-LostAndFoundTests/Pods-LostAndFound-LostAndFoundTests-frameworks-${CONFIGURATION}-input-files.xcfilelist",
			);
			name = "[CP] Embed Pods Frameworks";
			outputFileListPaths = (
				"${PODS_ROOT}/Target Support Files/Pods-LostAndFound-LostAndFoundTests/Pods-LostAndFound-LostAndFoundTests-frameworks-${CONFIGURATION}-output-files.xcfilelist",
			);
			runOnlyForDeploymentPostprocessing = 0;
			shellPath = /bin/sh;
			shellScript = "\"${PODS_ROOT}/Target Support Files/Pods-LostAndFound-LostAndFoundTests/Pods-LostAndFound-LostAndFoundTests-frameworks.sh\"\n";
			showEnvVarsInLog = 0;
		};
		E235C05ADACE081382539298 /* [CP] Copy Pods Resources */ = {
			isa = PBXShellScriptBuildPhase;
			buildActionMask = 2147483647;
			files = (
			);
			inputFileListPaths = (
				"${PODS_ROOT}/Target Support Files/Pods-LostAndFound/Pods-LostAndFound-resources-${CONFIGURATION}-input-files.xcfilelist",
			);
			name = "[CP] Copy Pods Resources";
			outputFileListPaths = (
				"${PODS_ROOT}/Target Support Files/Pods-LostAndFound/Pods-LostAndFound-resources-${CONFIGURATION}-output-files.xcfilelist",
			);
			runOnlyForDeploymentPostprocessing = 0;
			shellPath = /bin/sh;
			shellScript = "\"${PODS_ROOT}/Target Support Files/Pods-LostAndFound/Pods-LostAndFound-resources.sh\"\n";
			showEnvVarsInLog = 0;
		};
		F6A41C54EA430FDDC6A6ED99 /* [CP] Copy Pods Resources */ = {
			isa = PBXShellScriptBuildPhase;
			buildActionMask = 2147483647;
			files = (
			);
			inputFileListPaths = (
				"${PODS_ROOT}/Target Support Files/Pods-LostAndFound-LostAndFoundTests/Pods-LostAndFound-LostAndFoundTests-resources-${CONFIGURATION}-input-files.xcfilelist",
			);
			name = "[CP] Copy Pods Resources";
			outputFileListPaths = (
				"${PODS_ROOT}/Target Support Files/Pods-LostAndFound-LostAndFoundTests/Pods-LostAndFound-LostAndFoundTests-resources-${CONFIGURATION}-output-files.xcfilelist",
			);
			runOnlyForDeploymentPostprocessing = 0;
			shellPath = /bin/sh;
			shellScript = "\"${PODS_ROOT}/Target Support Files/Pods-LostAndFound-LostAndFoundTests/Pods-LostAndFound-LostAndFoundTests-resources.sh\"\n";
			showEnvVarsInLog = 0;
		};
		FD10A7F022414F080027D42C /* Start Packager */ = {
			isa = PBXShellScriptBuildPhase;
			buildActionMask = 2147483647;
			files = (
			);
			inputFileListPaths = (
			);
			inputPaths = (
			);
			name = "Start Packager";
			outputFileListPaths = (
			);
			outputPaths = (
			);
			runOnlyForDeploymentPostprocessing = 0;
			shellPath = /bin/sh;
			shellScript = "export RCT_METRO_PORT=\"${RCT_METRO_PORT:=8081}\"\necho \"export RCT_METRO_PORT=${RCT_METRO_PORT}\" > \"${SRCROOT}/../node_modules/react-native/scripts/.packager.env\"\nif [ -z \"${RCT_NO_LAUNCH_PACKAGER+xxx}\" ] ; then\n  if nc -w 5 -z localhost ${RCT_METRO_PORT} ; then\n    if ! curl -s \"http://localhost:${RCT_METRO_PORT}/status\" | grep -q \"packager-status:running\" ; then\n      echo \"Port ${RCT_METRO_PORT} already in use, packager is either not running or not running correctly\"\n      exit 2\n    fi\n  else\n    open \"$SRCROOT/../node_modules/react-native/scripts/launchPackager.command\" || echo \"Can't start packager automatically\"\n  fi\nfi\n";
			showEnvVarsInLog = 0;
		};
/* End PBXShellScriptBuildPhase section */

/* Begin PBXSourcesBuildPhase section */
		00E356EA1AD99517003FC87E /* Sources */ = {
			isa = PBXSourcesBuildPhase;
			buildActionMask = 2147483647;
			files = (
				00E356F31AD99517003FC87E /* LostAndFoundTests.m in Sources */,
			);
			runOnlyForDeploymentPostprocessing = 0;
		};
		13B07F871A680F5B00A75B9A /* Sources */ = {
			isa = PBXSourcesBuildPhase;
			buildActionMask = 2147483647;
			files = (
				13B07FBC1A68108700A75B9A /* AppDelegate.mm in Sources */,
				13B07FC11A68108700A75B9A /* main.m in Sources */,
			);
			runOnlyForDeploymentPostprocessing = 0;
		};
/* End PBXSourcesBuildPhase section */

/* Begin PBXTargetDependency section */
		00E356F51AD99517003FC87E /* PBXTargetDependency */ = {
			isa = PBXTargetDependency;
			target = 13B07F861A680F5B00A75B9A /* LostAndFound */;
			targetProxy = 00E356F41AD99517003FC87E /* PBXContainerItemProxy */;
		};
/* End PBXTargetDependency section */

/* Begin XCBuildConfiguration section */
		00E356F61AD99517003FC87E /* Debug */ = {
			isa = XCBuildConfiguration;
			baseConfigurationReference = 5B7EB9410499542E8C5724F5 /* Pods-LostAndFound-LostAndFoundTests.debug.xcconfig */;
			buildSettings = {
				BUNDLE_LOADER = "$(TEST_HOST)";
				GCC_PREPROCESSOR_DEFINITIONS = (
					"DEBUG=1",
					"$(inherited)",
				);
				INFOPLIST_FILE = LostAndFoundTests/Info.plist;
				IPHONEOS_DEPLOYMENT_TARGET = 12.4;
				LD_RUNPATH_SEARCH_PATHS = (
					"$(inherited)",
					"@executable_path/Frameworks",
					"@loader_path/Frameworks",
				);
				OTHER_LDFLAGS = (
					"-ObjC",
					"-lc++",
					"$(inherited)",
				);
				PRODUCT_BUNDLE_IDENTIFIER = "org.reactjs.native.example.$(PRODUCT_NAME:rfc1034identifier)";
				PRODUCT_NAME = "$(TARGET_NAME)";
				TEST_HOST = "$(BUILT_PRODUCTS_DIR)/LostAndFound.app/LostAndFound";
			};
			name = Debug;
		};
		00E356F71AD99517003FC87E /* Release */ = {
			isa = XCBuildConfiguration;
			baseConfigurationReference = 89C6BE57DB24E9ADA2F236DE /* Pods-LostAndFound-LostAndFoundTests.release.xcconfig */;
			buildSettings = {
				BUNDLE_LOADER = "$(TEST_HOST)";
				COPY_PHASE_STRIP = NO;
				INFOPLIST_FILE = LostAndFoundTests/Info.plist;
				IPHONEOS_DEPLOYMENT_TARGET = 12.4;
				LD_RUNPATH_SEARCH_PATHS = (
					"$(inherited)",
					"@executable_path/Frameworks",
					"@loader_path/Frameworks",
				);
				OTHER_LDFLAGS = (
					"-ObjC",
					"-lc++",
					"$(inherited)",
				);
				PRODUCT_BUNDLE_IDENTIFIER = "org.reactjs.native.example.$(PRODUCT_NAME:rfc1034identifier)";
				PRODUCT_NAME = "$(TARGET_NAME)";
				TEST_HOST = "$(BUILT_PRODUCTS_DIR)/LostAndFound.app/LostAndFound";
			};
			name = Release;
		};
		13B07F941A680F5B00A75B9A /* Debug */ = {
			isa = XCBuildConfiguration;
			baseConfigurationReference = 3B4392A12AC88292D35C810B /* Pods-LostAndFound.debug.xcconfig */;
			buildSettings = {
				ASSETCATALOG_COMPILER_APPICON_NAME = AppIcon;
				CLANG_ENABLE_MODULES = YES;
				CURRENT_PROJECT_VERSION = 1;
				ENABLE_BITCODE = NO;
				INFOPLIST_FILE = LostAndFound/Info.plist;
				LD_RUNPATH_SEARCH_PATHS = (
					"$(inherited)",
					"@executable_path/Frameworks",
				);
				OTHER_LDFLAGS = (
					"$(inherited)",
					"-ObjC",
					"-lc++",
				);
				PRODUCT_BUNDLE_IDENTIFIER = "org.reactjs.native.example.$(PRODUCT_NAME:rfc1034identifier)";
				PRODUCT_NAME = LostAndFound;
				SWIFT_OPTIMIZATION_LEVEL = "-Onone";
				SWIFT_VERSION = 5.0;
				VERSIONING_SYSTEM = "apple-generic";
			};
			name = Debug;
		};
		13B07F951A680F5B00A75B9A /* Release */ = {
			isa = XCBuildConfiguration;
			baseConfigurationReference = 5709B34CF0A7D63546082F79 /* Pods-LostAndFound.release.xcconfig */;
			buildSettings = {
				ASSETCATALOG_COMPILER_APPICON_NAME = AppIcon;
				CLANG_ENABLE_MODULES = YES;
				CURRENT_PROJECT_VERSION = 1;
				INFOPLIST_FILE = LostAndFound/Info.plist;
				LD_RUNPATH_SEARCH_PATHS = (
					"$(inherited)",
					"@executable_path/Frameworks",
				);
				OTHER_LDFLAGS = (
					"$(inherited)",
					"-ObjC",
					"-lc++",
				);
				PRODUCT_BUNDLE_IDENTIFIER = "org.reactjs.native.example.$(PRODUCT_NAME:rfc1034identifier)";
				PRODUCT_NAME = LostAndFound;
				SWIFT_VERSION = 5.0;
				VERSIONING_SYSTEM = "apple-generic";
			};
			name = Release;
		};
		83CBBA201A601CBA00E9B192 /* Debug */ = {
			isa = XCBuildConfiguration;
			buildSettings = {
				ALWAYS_SEARCH_USER_PATHS = NO;
				CLANG_ANALYZER_LOCALIZABILITY_NONLOCALIZED = YES;
				CLANG_CXX_LANGUAGE_STANDARD = "c++17";
				CLANG_CXX_LIBRARY = "libc++";
				CLANG_ENABLE_MODULES = YES;
				CLANG_ENABLE_OBJC_ARC = YES;
				CLANG_WARN_BLOCK_CAPTURE_AUTORELEASING = YES;
				CLANG_WARN_BOOL_CONVERSION = YES;
				CLANG_WARN_COMMA = YES;
				CLANG_WARN_CONSTANT_CONVERSION = YES;
				CLANG_WARN_DEPRECATED_OBJC_IMPLEMENTATIONS = YES;
				CLANG_WARN_DIRECT_OBJC_ISA_USAGE = YES_ERROR;
				CLANG_WARN_EMPTY_BODY = YES;
				CLANG_WARN_ENUM_CONVERSION = YES;
				CLANG_WARN_INFINITE_RECURSION = YES;
				CLANG_WARN_INT_CONVERSION = YES;
				CLANG_WARN_NON_LITERAL_NULL_CONVERSION = YES;
				CLANG_WARN_OBJC_IMPLICIT_RETAIN_SELF = YES;
				CLANG_WARN_OBJC_LITERAL_CONVERSION = YES;
				CLANG_WARN_OBJC_ROOT_CLASS = YES_ERROR;
				CLANG_WARN_QUOTED_INCLUDE_IN_FRAMEWORK_HEADER = YES;
				CLANG_WARN_RANGE_LOOP_ANALYSIS = YES;
				CLANG_WARN_STRICT_PROTOTYPES = YES;
				CLANG_WARN_SUSPICIOUS_MOVE = YES;
				CLANG_WARN_UNREACHABLE_CODE = YES;
				CLANG_WARN__DUPLICATE_METHOD_MATCH = YES;
				"CODE_SIGN_IDENTITY[sdk=iphoneos*]" = "iPhone Developer";
				COPY_PHASE_STRIP = NO;
				ENABLE_STRICT_OBJC_MSGSEND = YES;
				ENABLE_TESTABILITY = YES;
				"EXCLUDED_ARCHS[sdk=iphonesimulator*]" = i386;
				GCC_C_LANGUAGE_STANDARD = gnu99;
				GCC_DYNAMIC_NO_PIC = NO;
				GCC_NO_COMMON_BLOCKS = YES;
				GCC_OPTIMIZATION_LEVEL = 0;
				GCC_PREPROCESSOR_DEFINITIONS = (
					"DEBUG=1",
					"$(inherited)",
				);
				GCC_SYMBOLS_PRIVATE_EXTERN = NO;
				GCC_WARN_64_TO_32_BIT_CONVERSION = YES;
				GCC_WARN_ABOUT_RETURN_TYPE = YES_ERROR;
				GCC_WARN_UNDECLARED_SELECTOR = YES;
				GCC_WARN_UNINITIALIZED_AUTOS = YES_AGGRESSIVE;
				GCC_WARN_UNUSED_FUNCTION = YES;
				GCC_WARN_UNUSED_VARIABLE = YES;
				IPHONEOS_DEPLOYMENT_TARGET = 12.4;
				LD_RUNPATH_SEARCH_PATHS = (
					/usr/lib/swift,
					"$(inherited)",
				);
				LIBRARY_SEARCH_PATHS = (
					"\"$(SDKROOT)/usr/lib/swift\"",
					"\"$(TOOLCHAIN_DIR)/usr/lib/swift/$(PLATFORM_NAME)\"",
					"\"$(inherited)\"",
				);
				MTL_ENABLE_DEBUG_INFO = YES;
				ONLY_ACTIVE_ARCH = YES;
				OTHER_CPLUSPLUSFLAGS = (
					"$(OTHER_CFLAGS)",
					"-DFOLLY_NO_CONFIG",
					"-DFOLLY_MOBILE=1",
					"-DFOLLY_USE_LIBCPP=1",
				);
				REACT_NATIVE_PATH = "${PODS_ROOT}/../../node_modules/react-native";
				SDKROOT = iphoneos;
			};
			name = Debug;
		};
		83CBBA211A601CBA00E9B192 /* Release */ = {
			isa = XCBuildConfiguration;
			buildSettings = {
				ALWAYS_SEARCH_USER_PATHS = NO;
				CLANG_ANALYZER_LOCALIZABILITY_NONLOCALIZED = YES;
				CLANG_CXX_LANGUAGE_STANDARD = "c++17";
				CLANG_CXX_LIBRARY = "libc++";
				CLANG_ENABLE_MODULES = YES;
				CLANG_ENABLE_OBJC_ARC = YES;
				CLANG_WARN_BLOCK_CAPTURE_AUTORELEASING = YES;
				CLANG_WARN_BOOL_CONVERSION = YES;
				CLANG_WARN_COMMA = YES;
				CLANG_WARN_CONSTANT_CONVERSION = YES;
				CLANG_WARN_DEPRECATED_OBJC_IMPLEMENTATIONS = YES;
				CLANG_WARN_DIRECT_OBJC_ISA_USAGE = YES_ERROR;
				CLANG_WARN_EMPTY_BODY = YES;
				CLANG_WARN_ENUM_CONVERSION = YES;
				CLANG_WARN_INFINITE_RECURSION = YES;
				CLANG_WARN_INT_CONVERSION = YES;
				CLANG_WARN_NON_LITERAL_NULL_CONVERSION = YES;
				CLANG_WARN_OBJC_IMPLICIT_RETAIN_SELF = YES;
				CLANG_WARN_OBJC_LITERAL_CONVERSION = YES;
				CLANG_WARN_OBJC_ROOT_CLASS = YES_ERROR;
				CLANG_WARN_QUOTED_INCLUDE_IN_FRAMEWORK_HEADER = YES;
				CLANG_WARN_RANGE_LOOP_ANALYSIS = YES;
				CLANG_WARN_STRICT_PROTOTYPES = YES;
				CLANG_WARN_SUSPICIOUS_MOVE = YES;
				CLANG_WARN_UNREACHABLE_CODE = YES;
				CLANG_WARN__DUPLICATE_METHOD_MATCH = YES;
				"CODE_SIGN_IDENTITY[sdk=iphoneos*]" = "iPhone Developer";
				COPY_PHASE_STRIP = YES;
				ENABLE_NS_ASSERTIONS = NO;
				ENABLE_STRICT_OBJC_MSGSEND = YES;
				"EXCLUDED_ARCHS[sdk=iphonesimulator*]" = i386;
				GCC_C_LANGUAGE_STANDARD = gnu99;
				GCC_NO_COMMON_BLOCKS = YES;
				GCC_WARN_64_TO_32_BIT_CONVERSION = YES;
				GCC_WARN_ABOUT_RETURN_TYPE = YES_ERROR;
				GCC_WARN_UNDECLARED_SELECTOR = YES;
				GCC_WARN_UNINITIALIZED_AUTOS = YES_AGGRESSIVE;
				GCC_WARN_UNUSED_FUNCTION = YES;
				GCC_WARN_UNUSED_VARIABLE = YES;
				IPHONEOS_DEPLOYMENT_TARGET = 12.4;
				LD_RUNPATH_SEARCH_PATHS = (
					/usr/lib/swift,
					"$(inherited)",
				);
				LIBRARY_SEARCH_PATHS = (
					"\"$(SDKROOT)/usr/lib/swift\"",
					"\"$(TOOLCHAIN_DIR)/usr/lib/swift/$(PLATFORM_NAME)\"",
					"\"$(inherited)\"",
				);
				MTL_ENABLE_DEBUG_INFO = NO;
				OTHER_CPLUSPLUSFLAGS = (
					"$(OTHER_CFLAGS)",
					"-DFOLLY_NO_CONFIG",
					"-DFOLLY_MOBILE=1",
					"-DFOLLY_USE_LIBCPP=1",
				);
				REACT_NATIVE_PATH = "${PODS_ROOT}/../../node_modules/react-native";
				SDKROOT = iphoneos;
				VALIDATE_PRODUCT = YES;
			};
			name = Release;
		};
/* End XCBuildConfiguration section */

/* Begin XCConfigurationList section */
		00E357021AD99517003FC87E /* Build configuration list for PBXNativeTarget "LostAndFoundTests" */ = {
			isa = XCConfigurationList;
			buildConfigurations = (
				00E356F61AD99517003FC87E /* Debug */,
				00E356F71AD99517003FC87E /* Release */,
			);
			defaultConfigurationIsVisible = 0;
			defaultConfigurationName = Release;
		};
		13B07F931A680F5B00A75B9A /* Build configuration list for PBXNativeTarget "LostAndFound" */ = {
			isa = XCConfigurationList;
			buildConfigurations = (
				13B07F941A680F5B00A75B9A /* Debug */,
				13B07F951A680F5B00A75B9A /* Release */,
			);
			defaultConfigurationIsVisible = 0;
			defaultConfigurationName = Release;
		};
		83CBB9FA1A601CBA00E9B192 /* Build configuration list for PBXProject "LostAndFound" */ = {
			isa = XCConfigurationList;
			buildConfigurations = (
				83CBBA201A601CBA00E9B192 /* Debug */,
				83CBBA211A601CBA00E9B192 /* Release */,
			);
			defaultConfigurationIsVisible = 0;
			defaultConfigurationName = Release;
		};
/* End XCConfigurationList section */
	};
	rootObject = 83CBB9F71A601CBA00E9B192 /* Project object */;
}
